
Microsoft Visual Studio Solution File, Format Version 12.00
# Visual Studio Version 16
VisualStudioVersion = 16.0.31613.86
MinimumVisualStudioVersion = 10.0.40219.1
Project("{00D1A9C2-B5F0-4AF3-8072-F6C62B433612}") = "SQL BDPrac1", "SQL BDPrac1.sqlproj", "{F7879C9F-D213-4757-A807-12A4493BE4E9}"
EndProject
Global
	GlobalSection(SolutionConfigurationPlatforms) = preSolution
		Debug|Any CPU = Debug|Any CPU
		Release|Any CPU = Release|Any CPU
	EndGlobalSection
	GlobalSection(ProjectConfigurationPlatforms) = postSolution
		{F7879C9F-D213-4757-A807-12A4493BE4E9}.Debug|Any CPU.ActiveCfg = Debug|Any CPU
		{F7879C9F-D213-4757-A807-12A4493BE4E9}.Debug|Any CPU.Build.0 = Debug|Any CPU
		{F7879C9F-D213-4757-A807-12A4493BE4E9}.Debug|Any CPU.Deploy.0 = Debug|Any CPU
		{F7879C9F-D213-4757-A807-12A4493BE4E9}.Release|Any CPU.ActiveCfg = Release|Any CPU
		{F7879C9F-D213-4757-A807-12A4493BE4E9}.Release|Any CPU.Build.0 = Release|Any CPU
		{F7879C9F-D213-4757-A807-12A4493BE4E9}.Release|Any CPU.Deploy.0 = Release|Any CPU
	EndGlobalSection
	GlobalSection(SolutionProperties) = preSolution
		HideSolutionNode = FALSE
	EndGlobalSection
	GlobalSection(ExtensibilityGlobals) = postSolution
		SolutionGuid = {7AE71C6C-BEA9-414F-95C9-0874C75D8071}
	EndGlobalSection
EndGlobal
